
Microsoft Visual Studio Solution File, Format Version 12.00
# Visual Studio Version 17
VisualStudioVersion = 17.14.36518.9 d17.14
MinimumVisualStudioVersion = 10.0.40219.1
Project("{FAE04EC0-301F-11D3-BF4B-00C04F79EFBC}") = "Marketplace", "Marketplace\Marketplace.csproj", "{74FECEEE-AFC5-4C60-9FCF-BE005A79BCBF}"
EndProject
Global
	GlobalSection(SolutionConfigurationPlatforms) = preSolution
		Debug|Any CPU = Debug|Any CPU
		Release|Any CPU = Release|Any CPU
	EndGlobalSection
	GlobalSection(ProjectConfigurationPlatforms) = postSolution
		{74FECEEE-AFC5-4C60-9FCF-BE005A79BCBF}.Debug|Any CPU.ActiveCfg = Debug|Any CPU
		{74FECEEE-AFC5-4C60-9FCF-BE005A79BCBF}.Debug|Any CPU.Build.0 = Debug|Any CPU
		{74FECEEE-AFC5-4C60-9FCF-BE005A79BCBF}.Release|Any CPU.ActiveCfg = Release|Any CPU
		{74FECEEE-AFC5-4C60-9FCF-BE005A79BCBF}.Release|Any CPU.Build.0 = Release|Any CPU
	EndGlobalSection
	GlobalSection(SolutionProperties) = preSolution
		HideSolutionNode = FALSE
	EndGlobalSection
	GlobalSection(ExtensibilityGlobals) = postSolution
		SolutionGuid = {D51E13C8-65CE-4D08-B936-ED7BCE70AE98}
	EndGlobalSection
EndGlobal
